
Microsoft Visual Studio Solution File, Format Version 12.00
Project("{FAE04EC0-301F-11D3-BF4B-00C04F79EFBC}") = "Host", "Host\Host.csproj", "{EA41A746-CE08-45AC-968D-957F53A65A8B}"
EndProject
Project("{FAE04EC0-301F-11D3-BF4B-00C04F79EFBC}") = "DigitalTwin", "DigitalTwin\DigitalTwin.csproj", "{08B5CC3D-DED3-40B1-8777-AFC3FE2CF00B}"
EndProject
Global
	GlobalSection(SolutionConfigurationPlatforms) = preSolution
		Debug|Any CPU = Debug|Any CPU
		Release|Any CPU = Release|Any CPU
	EndGlobalSection
	GlobalSection(ProjectConfigurationPlatforms) = postSolution
		{EA41A746-CE08-45AC-968D-957F53A65A8B}.Debug|Any CPU.ActiveCfg = Debug|Any CPU
		{EA41A746-CE08-45AC-968D-957F53A65A8B}.Debug|Any CPU.Build.0 = Debug|Any CPU
		{EA41A746-CE08-45AC-968D-957F53A65A8B}.Release|Any CPU.ActiveCfg = Release|Any CPU
		{EA41A746-CE08-45AC-968D-957F53A65A8B}.Release|Any CPU.Build.0 = Release|Any CPU
		{08B5CC3D-DED3-40B1-8777-AFC3FE2CF00B}.Debug|Any CPU.ActiveCfg = Debug|Any CPU
		{08B5CC3D-DED3-40B1-8777-AFC3FE2CF00B}.Debug|Any CPU.Build.0 = Debug|Any CPU
		{08B5CC3D-DED3-40B1-8777-AFC3FE2CF00B}.Release|Any CPU.ActiveCfg = Release|Any CPU
		{08B5CC3D-DED3-40B1-8777-AFC3FE2CF00B}.Release|Any CPU.Build.0 = Release|Any CPU
	EndGlobalSection
EndGlobal
